
Microsoft Visual Studio Solution File, Format Version 12.00
# Visual Studio Version 17
VisualStudioVersion = 17.0.31903.59
MinimumVisualStudioVersion = 10.0.40219.1
Project("{FAE04EC0-301F-11D3-BF4B-00C04F79EFBC}") = "Program", "Program\Program.csproj", "{BD1A87CF-F7AE-4F38-BB78-3BDC676A7FBB}"
EndProject
Project("{FAE04EC0-301F-11D3-BF4B-00C04F79EFBC}") = "Program.Tests", "Program.Tests\Program.Tests.csproj", "{CB65539E-06D4-421C-86C5-0AAD9E4DB753}"
EndProject
Global
	GlobalSection(SolutionConfigurationPlatforms) = preSolution
		Debug|Any CPU = Debug|Any CPU
		Debug|x64 = Debug|x64
		Debug|x86 = Debug|x86
		Release|Any CPU = Release|Any CPU
		Release|x64 = Release|x64
		Release|x86 = Release|x86
	EndGlobalSection
	GlobalSection(ProjectConfigurationPlatforms) = postSolution
		{BD1A87CF-F7AE-4F38-BB78-3BDC676A7FBB}.Debug|Any CPU.ActiveCfg = Debug|Any CPU
		{BD1A87CF-F7AE-4F38-BB78-3BDC676A7FBB}.Debug|Any CPU.Build.0 = Debug|Any CPU
		{BD1A87CF-F7AE-4F38-BB78-3BDC676A7FBB}.Debug|x64.ActiveCfg = Debug|Any CPU
		{BD1A87CF-F7AE-4F38-BB78-3BDC676A7FBB}.Debug|x64.Build.0 = Debug|Any CPU
		{BD1A87CF-F7AE-4F38-BB78-3BDC676A7FBB}.Debug|x86.ActiveCfg = Debug|Any CPU
		{BD1A87CF-F7AE-4F38-BB78-3BDC676A7FBB}.Debug|x86.Build.0 = Debug|Any CPU
		{BD1A87CF-F7AE-4F38-BB78-3BDC676A7FBB}.Release|Any CPU.ActiveCfg = Release|Any CPU
		{BD1A87CF-F7AE-4F38-BB78-3BDC676A7FBB}.Release|Any CPU.Build.0 = Release|Any CPU
		{BD1A87CF-F7AE-4F38-BB78-3BDC676A7FBB}.Release|x64.ActiveCfg = Release|Any CPU
		{BD1A87CF-F7AE-4F38-BB78-3BDC676A7FBB}.Release|x64.Build.0 = Release|Any CPU
		{BD1A87CF-F7AE-4F38-BB78-3BDC676A7FBB}.Release|x86.ActiveCfg = Release|Any CPU
		{BD1A87CF-F7AE-4F38-BB78-3BDC676A7FBB}.Release|x86.Build.0 = Release|Any CPU
		{CB65539E-06D4-421C-86C5-0AAD9E4DB753}.Debug|Any CPU.ActiveCfg = Debug|Any CPU
		{CB65539E-06D4-421C-86C5-0AAD9E4DB753}.Debug|Any CPU.Build.0 = Debug|Any CPU
		{CB65539E-06D4-421C-86C5-0AAD9E4DB753}.Debug|x64.ActiveCfg = Debug|Any CPU
		{CB65539E-06D4-421C-86C5-0AAD9E4DB753}.Debug|x64.Build.0 = Debug|Any CPU
		{CB65539E-06D4-421C-86C5-0AAD9E4DB753}.Debug|x86.ActiveCfg = Debug|Any CPU
		{CB65539E-06D4-421C-86C5-0AAD9E4DB753}.Debug|x86.Build.0 = Debug|Any CPU
		{CB65539E-06D4-421C-86C5-0AAD9E4DB753}.Release|Any CPU.ActiveCfg = Release|Any CPU
		{CB65539E-06D4-421C-86C5-0AAD9E4DB753}.Release|Any CPU.Build.0 = Release|Any CPU
		{CB65539E-06D4-421C-86C5-0AAD9E4DB753}.Release|x64.ActiveCfg = Release|Any CPU
		{CB65539E-06D4-421C-86C5-0AAD9E4DB753}.Release|x64.Build.0 = Release|Any CPU
		{CB65539E-06D4-421C-86C5-0AAD9E4DB753}.Release|x86.ActiveCfg = Release|Any CPU
		{CB65539E-06D4-421C-86C5-0AAD9E4DB753}.Release|x86.Build.0 = Release|Any CPU
	EndGlobalSection
	GlobalSection(SolutionProperties) = preSolution
		HideSolutionNode = FALSE
	EndGlobalSection
EndGlobal
